
Microsoft Visual Studio Solution File, Format Version 12.00
# Visual Studio Version 17
VisualStudioVersion = 17.6.33829.357
MinimumVisualStudioVersion = 10.0.40219.1
Project("{FAE04EC0-301F-11D3-BF4B-00C04F79EFBC}") = "AmericanSlow", "AmericanSlow\AmericanSlow.csproj", "{A8A2EE01-653D-492A-AFE0-ED0F6487E766}"
EndProject
Project("{FAE04EC0-301F-11D3-BF4B-00C04F79EFBC}") = "DAL", "DAL\DAL.csproj", "{FB338116-2B76-4D23-906A-8E95B1EA3BC1}"
EndProject
Project("{FAE04EC0-301F-11D3-BF4B-00C04F79EFBC}") = "BLL", "BLL\BLL.csproj", "{20722E10-0AFC-48E2-BC2D-C4C340D32364}"
EndProject
Global
	GlobalSection(SolutionConfigurationPlatforms) = preSolution
		Debug|Any CPU = Debug|Any CPU
		Release|Any CPU = Release|Any CPU
	EndGlobalSection
	GlobalSection(ProjectConfigurationPlatforms) = postSolution
		{A8A2EE01-653D-492A-AFE0-ED0F6487E766}.Debug|Any CPU.ActiveCfg = Debug|Any CPU
		{A8A2EE01-653D-492A-AFE0-ED0F6487E766}.Debug|Any CPU.Build.0 = Debug|Any CPU
		{A8A2EE01-653D-492A-AFE0-ED0F6487E766}.Release|Any CPU.ActiveCfg = Release|Any CPU
		{A8A2EE01-653D-492A-AFE0-ED0F6487E766}.Release|Any CPU.Build.0 = Release|Any CPU
		{FB338116-2B76-4D23-906A-8E95B1EA3BC1}.Debug|Any CPU.ActiveCfg = Debug|Any CPU
		{FB338116-2B76-4D23-906A-8E95B1EA3BC1}.Debug|Any CPU.Build.0 = Debug|Any CPU
		{FB338116-2B76-4D23-906A-8E95B1EA3BC1}.Release|Any CPU.ActiveCfg = Release|Any CPU
		{FB338116-2B76-4D23-906A-8E95B1EA3BC1}.Release|Any CPU.Build.0 = Release|Any CPU
		{20722E10-0AFC-48E2-BC2D-C4C340D32364}.Debug|Any CPU.ActiveCfg = Debug|Any CPU
		{20722E10-0AFC-48E2-BC2D-C4C340D32364}.Debug|Any CPU.Build.0 = Debug|Any CPU
		{20722E10-0AFC-48E2-BC2D-C4C340D32364}.Release|Any CPU.ActiveCfg = Release|Any CPU
		{20722E10-0AFC-48E2-BC2D-C4C340D32364}.Release|Any CPU.Build.0 = Release|Any CPU
	EndGlobalSection
	GlobalSection(SolutionProperties) = preSolution
		HideSolutionNode = FALSE
	EndGlobalSection
	GlobalSection(ExtensibilityGlobals) = postSolution
		SolutionGuid = {BD04B2E0-B447-411F-822B-7574435FF7F2}
		EnterpriseLibraryConfigurationToolBinariesPath = packages\Unity.2.1.505.0\lib\NET35
	EndGlobalSection
EndGlobal
